
Microsoft Visual Studio Solution File, Format Version 12.00
# Visual Studio Version 16
VisualStudioVersion = 16.0.30709.132
MinimumVisualStudioVersion = 10.0.40219.1
Project("{9A19103F-16F7-4668-BE54-9A1E7A4F7556}") = "Faultify.Cli", "Faultify.Cli\Faultify.Cli.csproj", "{91B20EEC-858B-4120-9AF5-BAA3420B0EC3}"
EndProject
Project("{9A19103F-16F7-4668-BE54-9A1E7A4F7556}") = "Faultify.Tests", "Faultify.Tests\Faultify.Tests.csproj", "{4D790638-A2BF-4D1C-8244-785E9E68DE2B}"
EndProject
Project("{9A19103F-16F7-4668-BE54-9A1E7A4F7556}") = "Faultify.Core", "Faultify.Core\Faultify.Core.csproj", "{8D7B5223-DDE3-4B3C-9142-B7A21EAFF2CC}"
EndProject
Project("{9A19103F-16F7-4668-BE54-9A1E7A4F7556}") = "Faultify.Injection", "Faultify.Injection\Faultify.Injection.csproj", "{41DFFA4B-C0AE-47B0-BB5D-7755BB9F67F0}"
EndProject
Project("{9A19103F-16F7-4668-BE54-9A1E7A4F7556}") = "Faultify.TestRunner.Collector", "Faultify.TestRunner.Collector\Faultify.TestRunner.Collector.csproj", "{F70FB476-3440-417A-8C9C-3FE8638C8106}"
EndProject
Project("{2150E333-8FDC-42A3-9474-1A3956D46DE8}") = "TestProcess", "TestProcess", "{3ECCAFB9-AFBD-4E9D-AB4F-42069EF87863}"
EndProject
Project("{9A19103F-16F7-4668-BE54-9A1E7A4F7556}") = "Faultify.TestRunner.Shared", "Faultify.TestRunner.Shared\Faultify.TestRunner.Shared.csproj", "{A7C04AA2-9E64-4A8E-88F3-D634AD501DEF}"
EndProject
Project("{9A19103F-16F7-4668-BE54-9A1E7A4F7556}") = "Faultify.TestRunner", "Faultify.TestRunner\Faultify.TestRunner.csproj", "{8E7217CA-510D-4545-B7E8-96C663F045F4}"
EndProject
Project("{2150E333-8FDC-42A3-9474-1A3956D46DE8}") = "Benchmark", "Benchmark", "{0EAACBAA-2F1D-4E80-82B0-CE32404832AD}"
	ProjectSection(SolutionItems) = preProject
		Benchmark\README.md = Benchmark\README.md
		Benchmark\stryker-config.json = Benchmark\stryker-config.json
	EndProjectSection
EndProject
Project("{9A19103F-16F7-4668-BE54-9A1E7A4F7556}") = "Faultify.Benchmark.NUnit", "Benchmark\Faultify.Benchmark.NUnit\Faultify.Benchmark.NUnit.csproj", "{CC69D0AF-8ADA-48AA-ACF5-D44BB124016A}"
EndProject
Project("{9A19103F-16F7-4668-BE54-9A1E7A4F7556}") = "Faultify.Analyze", "Faultify.Analyze\Faultify.Analyze.csproj", "{A3D468A0-F3A7-49B0-9405-A5C5C14B2E1B}"
EndProject
Project("{9A19103F-16F7-4668-BE54-9A1E7A4F7556}") = "Faultify.Report", "Faultify.Report\Faultify.Report.csproj", "{C206A12C-7221-4C5C-85F6-7DF6AD039689}"
EndProject
Project("{9A19103F-16F7-4668-BE54-9A1E7A4F7556}") = "Faultify.Benchmark.XUnit", "Benchmark\Faultify.Benchmark.XUnit\Faultify.Benchmark.XUnit.csproj", "{E614C588-556A-4868-BBB3-96D52AC2A848}"
EndProject
Project("{9A19103F-16F7-4668-BE54-9A1E7A4F7556}") = "Faultify.Benchmark", "Benchmark\Faultify.Benchmark\Faultify.Benchmark.csproj", "{147FA95E-46BF-4FF2-981A-ED1443B500FD}"
EndProject
Project("{9A19103F-16F7-4668-BE54-9A1E7A4F7556}") = "Faultify.Benchmark.Runner", "Benchmark\Faultify.Benchmark.Runner\Faultify.Benchmark.Runner.csproj", "{20E165F7-4AB1-49C9-BF33-2912EC186B44}"
EndProject
Project("{9A19103F-16F7-4668-BE54-9A1E7A4F7556}") = "Faultify.TestRunner.NUnit", "Faultify.TestRunner.NUnit\Faultify.TestRunner.NUnit.csproj", "{208C8720-EAAE-461A-B10B-D6FB45FC98AB}"
EndProject
Project("{9A19103F-16F7-4668-BE54-9A1E7A4F7556}") = "Faultify.TestRunner.Dotnet", "Faultify.TestRunner.Dotnet\Faultify.TestRunner.Dotnet.csproj", "{AAC37C7D-01A9-4A8B-84DB-D6DF9533B094}"
EndProject
Project("{9A19103F-16F7-4668-BE54-9A1E7A4F7556}") = "Faultify.Benchmark.MSTest", "Benchmark\Faultify.Benchmark.MSTest\Faultify.Benchmark.MSTest.csproj", "{B0329651-CF38-48B9-B9D2-B69890C2E2C8}"
EndProject
Project("{9A19103F-16F7-4668-BE54-9A1E7A4F7556}") = "Faultify.TestRunner.XUnit", "Faultify.TestRunner.XUnit\Faultify.TestRunner.XUnit.csproj", "{4889C6B6-B19B-44FA-869C-7C34CE87868A}"
EndProject
Project("{2150E333-8FDC-42A3-9474-1A3956D46DE8}") = "Solution Items", "Solution Items", "{E2C63F0D-1C41-43F2-87D3-66A8DBAE5B67}"
	ProjectSection(SolutionItems) = preProject
		RefactorChanges.md = RefactorChanges.md
	EndProjectSection
EndProject
Global
	GlobalSection(SolutionConfigurationPlatforms) = preSolution
		Debug|Any CPU = Debug|Any CPU
		Release|Any CPU = Release|Any CPU
	EndGlobalSection
	GlobalSection(ProjectConfigurationPlatforms) = postSolution
		{91B20EEC-858B-4120-9AF5-BAA3420B0EC3}.Debug|Any CPU.ActiveCfg = Debug|Any CPU
		{91B20EEC-858B-4120-9AF5-BAA3420B0EC3}.Debug|Any CPU.Build.0 = Debug|Any CPU
		{91B20EEC-858B-4120-9AF5-BAA3420B0EC3}.Release|Any CPU.ActiveCfg = Release|Any CPU
		{91B20EEC-858B-4120-9AF5-BAA3420B0EC3}.Release|Any CPU.Build.0 = Release|Any CPU
		{4D790638-A2BF-4D1C-8244-785E9E68DE2B}.Debug|Any CPU.ActiveCfg = Debug|Any CPU
		{4D790638-A2BF-4D1C-8244-785E9E68DE2B}.Debug|Any CPU.Build.0 = Debug|Any CPU
		{4D790638-A2BF-4D1C-8244-785E9E68DE2B}.Release|Any CPU.ActiveCfg = Release|Any CPU
		{4D790638-A2BF-4D1C-8244-785E9E68DE2B}.Release|Any CPU.Build.0 = Release|Any CPU
		{8D7B5223-DDE3-4B3C-9142-B7A21EAFF2CC}.Debug|Any CPU.ActiveCfg = Debug|Any CPU
		{8D7B5223-DDE3-4B3C-9142-B7A21EAFF2CC}.Debug|Any CPU.Build.0 = Debug|Any CPU
		{8D7B5223-DDE3-4B3C-9142-B7A21EAFF2CC}.Release|Any CPU.ActiveCfg = Release|Any CPU
		{8D7B5223-DDE3-4B3C-9142-B7A21EAFF2CC}.Release|Any CPU.Build.0 = Release|Any CPU
		{41DFFA4B-C0AE-47B0-BB5D-7755BB9F67F0}.Debug|Any CPU.ActiveCfg = Debug|Any CPU
		{41DFFA4B-C0AE-47B0-BB5D-7755BB9F67F0}.Debug|Any CPU.Build.0 = Debug|Any CPU
		{41DFFA4B-C0AE-47B0-BB5D-7755BB9F67F0}.Release|Any CPU.ActiveCfg = Release|Any CPU
		{41DFFA4B-C0AE-47B0-BB5D-7755BB9F67F0}.Release|Any CPU.Build.0 = Release|Any CPU
		{F70FB476-3440-417A-8C9C-3FE8638C8106}.Debug|Any CPU.ActiveCfg = Debug|Any CPU
		{F70FB476-3440-417A-8C9C-3FE8638C8106}.Debug|Any CPU.Build.0 = Debug|Any CPU
		{F70FB476-3440-417A-8C9C-3FE8638C8106}.Release|Any CPU.ActiveCfg = Release|Any CPU
		{F70FB476-3440-417A-8C9C-3FE8638C8106}.Release|Any CPU.Build.0 = Release|Any CPU
		{A7C04AA2-9E64-4A8E-88F3-D634AD501DEF}.Debug|Any CPU.ActiveCfg = Debug|Any CPU
		{A7C04AA2-9E64-4A8E-88F3-D634AD501DEF}.Debug|Any CPU.Build.0 = Debug|Any CPU
		{A7C04AA2-9E64-4A8E-88F3-D634AD501DEF}.Release|Any CPU.ActiveCfg = Release|Any CPU
		{A7C04AA2-9E64-4A8E-88F3-D634AD501DEF}.Release|Any CPU.Build.0 = Release|Any CPU
		{8E7217CA-510D-4545-B7E8-96C663F045F4}.Debug|Any CPU.ActiveCfg = Debug|Any CPU
		{8E7217CA-510D-4545-B7E8-96C663F045F4}.Debug|Any CPU.Build.0 = Debug|Any CPU
		{8E7217CA-510D-4545-B7E8-96C663F045F4}.Release|Any CPU.ActiveCfg = Release|Any CPU
		{8E7217CA-510D-4545-B7E8-96C663F045F4}.Release|Any CPU.Build.0 = Release|Any CPU
		{CC69D0AF-8ADA-48AA-ACF5-D44BB124016A}.Debug|Any CPU.ActiveCfg = Debug|Any CPU
		{CC69D0AF-8ADA-48AA-ACF5-D44BB124016A}.Debug|Any CPU.Build.0 = Debug|Any CPU
		{CC69D0AF-8ADA-48AA-ACF5-D44BB124016A}.Release|Any CPU.ActiveCfg = Release|Any CPU
		{CC69D0AF-8ADA-48AA-ACF5-D44BB124016A}.Release|Any CPU.Build.0 = Release|Any CPU
		{A3D468A0-F3A7-49B0-9405-A5C5C14B2E1B}.Debug|Any CPU.ActiveCfg = Debug|Any CPU
		{A3D468A0-F3A7-49B0-9405-A5C5C14B2E1B}.Debug|Any CPU.Build.0 = Debug|Any CPU
		{A3D468A0-F3A7-49B0-9405-A5C5C14B2E1B}.Release|Any CPU.ActiveCfg = Release|Any CPU
		{A3D468A0-F3A7-49B0-9405-A5C5C14B2E1B}.Release|Any CPU.Build.0 = Release|Any CPU
		{C206A12C-7221-4C5C-85F6-7DF6AD039689}.Debug|Any CPU.ActiveCfg = Debug|Any CPU
		{C206A12C-7221-4C5C-85F6-7DF6AD039689}.Debug|Any CPU.Build.0 = Debug|Any CPU
		{C206A12C-7221-4C5C-85F6-7DF6AD039689}.Release|Any CPU.ActiveCfg = Release|Any CPU
		{C206A12C-7221-4C5C-85F6-7DF6AD039689}.Release|Any CPU.Build.0 = Release|Any CPU
		{E614C588-556A-4868-BBB3-96D52AC2A848}.Debug|Any CPU.ActiveCfg = Debug|Any CPU
		{E614C588-556A-4868-BBB3-96D52AC2A848}.Debug|Any CPU.Build.0 = Debug|Any CPU
		{E614C588-556A-4868-BBB3-96D52AC2A848}.Release|Any CPU.ActiveCfg = Release|Any CPU
		{E614C588-556A-4868-BBB3-96D52AC2A848}.Release|Any CPU.Build.0 = Release|Any CPU
		{147FA95E-46BF-4FF2-981A-ED1443B500FD}.Debug|Any CPU.ActiveCfg = Debug|Any CPU
		{147FA95E-46BF-4FF2-981A-ED1443B500FD}.Debug|Any CPU.Build.0 = Debug|Any CPU
		{147FA95E-46BF-4FF2-981A-ED1443B500FD}.Release|Any CPU.ActiveCfg = Release|Any CPU
		{147FA95E-46BF-4FF2-981A-ED1443B500FD}.Release|Any CPU.Build.0 = Release|Any CPU
		{20E165F7-4AB1-49C9-BF33-2912EC186B44}.Debug|Any CPU.ActiveCfg = Debug|Any CPU
		{20E165F7-4AB1-49C9-BF33-2912EC186B44}.Debug|Any CPU.Build.0 = Debug|Any CPU
		{20E165F7-4AB1-49C9-BF33-2912EC186B44}.Release|Any CPU.ActiveCfg = Release|Any CPU
		{20E165F7-4AB1-49C9-BF33-2912EC186B44}.Release|Any CPU.Build.0 = Release|Any CPU
		{208C8720-EAAE-461A-B10B-D6FB45FC98AB}.Debug|Any CPU.ActiveCfg = Debug|Any CPU
		{208C8720-EAAE-461A-B10B-D6FB45FC98AB}.Debug|Any CPU.Build.0 = Debug|Any CPU
		{208C8720-EAAE-461A-B10B-D6FB45FC98AB}.Release|Any CPU.ActiveCfg = Release|Any CPU
		{208C8720-EAAE-461A-B10B-D6FB45FC98AB}.Release|Any CPU.Build.0 = Release|Any CPU
		{AAC37C7D-01A9-4A8B-84DB-D6DF9533B094}.Debug|Any CPU.ActiveCfg = Debug|Any CPU
		{AAC37C7D-01A9-4A8B-84DB-D6DF9533B094}.Debug|Any CPU.Build.0 = Debug|Any CPU
		{AAC37C7D-01A9-4A8B-84DB-D6DF9533B094}.Release|Any CPU.ActiveCfg = Release|Any CPU
		{AAC37C7D-01A9-4A8B-84DB-D6DF9533B094}.Release|Any CPU.Build.0 = Release|Any CPU
		{B0329651-CF38-48B9-B9D2-B69890C2E2C8}.Debug|Any CPU.ActiveCfg = Debug|Any CPU
		{B0329651-CF38-48B9-B9D2-B69890C2E2C8}.Debug|Any CPU.Build.0 = Debug|Any CPU
		{B0329651-CF38-48B9-B9D2-B69890C2E2C8}.Release|Any CPU.ActiveCfg = Release|Any CPU
		{B0329651-CF38-48B9-B9D2-B69890C2E2C8}.Release|Any CPU.Build.0 = Release|Any CPU
		{4889C6B6-B19B-44FA-869C-7C34CE87868A}.Debug|Any CPU.ActiveCfg = Debug|Any CPU
		{4889C6B6-B19B-44FA-869C-7C34CE87868A}.Debug|Any CPU.Build.0 = Debug|Any CPU
		{4889C6B6-B19B-44FA-869C-7C34CE87868A}.Release|Any CPU.ActiveCfg = Release|Any CPU
		{4889C6B6-B19B-44FA-869C-7C34CE87868A}.Release|Any CPU.Build.0 = Release|Any CPU
	EndGlobalSection
	GlobalSection(SolutionProperties) = preSolution
		HideSolutionNode = FALSE
	EndGlobalSection
	GlobalSection(NestedProjects) = preSolution
		{41DFFA4B-C0AE-47B0-BB5D-7755BB9F67F0} = {3ECCAFB9-AFBD-4E9D-AB4F-42069EF87863}
		{F70FB476-3440-417A-8C9C-3FE8638C8106} = {3ECCAFB9-AFBD-4E9D-AB4F-42069EF87863}
		{A7C04AA2-9E64-4A8E-88F3-D634AD501DEF} = {3ECCAFB9-AFBD-4E9D-AB4F-42069EF87863}
		{8E7217CA-510D-4545-B7E8-96C663F045F4} = {3ECCAFB9-AFBD-4E9D-AB4F-42069EF87863}
		{CC69D0AF-8ADA-48AA-ACF5-D44BB124016A} = {0EAACBAA-2F1D-4E80-82B0-CE32404832AD}
		{E614C588-556A-4868-BBB3-96D52AC2A848} = {0EAACBAA-2F1D-4E80-82B0-CE32404832AD}
		{147FA95E-46BF-4FF2-981A-ED1443B500FD} = {0EAACBAA-2F1D-4E80-82B0-CE32404832AD}
		{20E165F7-4AB1-49C9-BF33-2912EC186B44} = {0EAACBAA-2F1D-4E80-82B0-CE32404832AD}
		{208C8720-EAAE-461A-B10B-D6FB45FC98AB} = {3ECCAFB9-AFBD-4E9D-AB4F-42069EF87863}
		{AAC37C7D-01A9-4A8B-84DB-D6DF9533B094} = {3ECCAFB9-AFBD-4E9D-AB4F-42069EF87863}
		{B0329651-CF38-48B9-B9D2-B69890C2E2C8} = {0EAACBAA-2F1D-4E80-82B0-CE32404832AD}
		{4889C6B6-B19B-44FA-869C-7C34CE87868A} = {3ECCAFB9-AFBD-4E9D-AB4F-42069EF87863}
	EndGlobalSection
	GlobalSection(ExtensibilityGlobals) = postSolution
		SolutionGuid = {C3ABD84B-C788-4014-987E-3790097964ED}
	EndGlobalSection
EndGlobal
